
Microsoft Visual Studio Solution File, Format Version 12.00
# Visual Studio Version 16
VisualStudioVersion = 16.0.31729.503
MinimumVisualStudioVersion = 10.0.40219.1
Project("{FAE04EC0-301F-11D3-BF4B-00C04F79EFBC}") = "Nhom01_FinalProject", "Nhom01_FinalProject\Nhom01_FinalProject.csproj", "{70C548D6-B797-441A-98E7-B06649E28B84}"
EndProject
Global
	GlobalSection(SolutionConfigurationPlatforms) = preSolution
		Debug|Any CPU = Debug|Any CPU
		Release|Any CPU = Release|Any CPU
	EndGlobalSection
	GlobalSection(ProjectConfigurationPlatforms) = postSolution
		{70C548D6-B797-441A-98E7-B06649E28B84}.Debug|Any CPU.ActiveCfg = Debug|Any CPU
		{70C548D6-B797-441A-98E7-B06649E28B84}.Debug|Any CPU.Build.0 = Debug|Any CPU
		{70C548D6-B797-441A-98E7-B06649E28B84}.Release|Any CPU.ActiveCfg = Release|Any CPU
		{70C548D6-B797-441A-98E7-B06649E28B84}.Release|Any CPU.Build.0 = Release|Any CPU
	EndGlobalSection
	GlobalSection(SolutionProperties) = preSolution
		HideSolutionNode = FALSE
	EndGlobalSection
	GlobalSection(ExtensibilityGlobals) = postSolution
		SolutionGuid = {B7E4475E-5309-4175-A9BD-C7960DF8672C}
	EndGlobalSection
EndGlobal
